
Microsoft Visual Studio Solution File, Format Version 12.00
# Visual Studio Version 16
VisualStudioVersion = 16.0.31702.278
MinimumVisualStudioVersion = 10.0.40219.1
Project("{FAE04EC0-301F-11D3-BF4B-00C04F79EFBC}") = "WelcomeScreen", "WelcomeScreen\WelcomeScreen.csproj", "{BCA5C671-5122-4E1D-98AF-6EAF60A20750}"
EndProject
Project("{FAE04EC0-301F-11D3-BF4B-00C04F79EFBC}") = "FacilityGenerators", "FacilityGenerators\FacilityGenerators.csproj", "{36C999D8-25C6-461A-9E63-045B7E420C16}"
EndProject
Project("{FAE04EC0-301F-11D3-BF4B-00C04F79EFBC}") = "PeanutExplodes", "PeanutExplodes\PeanutExplodes.csproj", "{11E31C38-695F-4991-99DC-4C56C86D1759}"
EndProject
Project("{FAE04EC0-301F-11D3-BF4B-00C04F79EFBC}") = "ImprovedSpectator", "ImprovedSpectator\ImprovedSpectator.csproj", "{4AB95E61-5230-432E-8EC3-CF95ED29A5F1}"
EndProject
Project("{FAE04EC0-301F-11D3-BF4B-00C04F79EFBC}") = "ServerStatistics", "ServerStatistics\ServerStatistics.csproj", "{260B917B-423F-4355-AB69-EC6EB354CA4E}"
EndProject
Project("{FAE04EC0-301F-11D3-BF4B-00C04F79EFBC}") = "ExtraUtilities", "ExtraUtilities\ExtraUtilities.csproj", "{8A16D9D5-5B12-4C1C-9EFE-AFFC77E3F3C6}"
EndProject
Project("{FAE04EC0-301F-11D3-BF4B-00C04F79EFBC}") = "TokenShop", "TokenShop\TokenShop.csproj", "{DD217871-50B3-446A-8E46-0B4C7B1FDD0F}"
EndProject
Project("{FAE04EC0-301F-11D3-BF4B-00C04F79EFBC}") = "TipSystem", "TipSystem\TipSystem.csproj", "{E78D6B7B-CB39-4AE2-A3F4-9BFC640D1063}"
EndProject
Project("{FAE04EC0-301F-11D3-BF4B-00C04F79EFBC}") = "SCPImprovements", "SCPImprovements\SCPImprovements.csproj", "{BE140337-4AC1-4534-AA09-4EC65E1B2EC7}"
EndProject
Project("{FAE04EC0-301F-11D3-BF4B-00C04F79EFBC}") = "PatreonPerks", "PatreonPerks\PatreonPerks.csproj", "{945104B9-BD1B-496D-8300-0E42A3C52F60}"
EndProject
Global
	GlobalSection(SolutionConfigurationPlatforms) = preSolution
		Debug|Any CPU = Debug|Any CPU
		Release|Any CPU = Release|Any CPU
	EndGlobalSection
	GlobalSection(ProjectConfigurationPlatforms) = postSolution
		{BCA5C671-5122-4E1D-98AF-6EAF60A20750}.Debug|Any CPU.ActiveCfg = Debug|Any CPU
		{BCA5C671-5122-4E1D-98AF-6EAF60A20750}.Debug|Any CPU.Build.0 = Debug|Any CPU
		{BCA5C671-5122-4E1D-98AF-6EAF60A20750}.Release|Any CPU.ActiveCfg = Release|Any CPU
		{BCA5C671-5122-4E1D-98AF-6EAF60A20750}.Release|Any CPU.Build.0 = Release|Any CPU
		{36C999D8-25C6-461A-9E63-045B7E420C16}.Debug|Any CPU.ActiveCfg = Debug|Any CPU
		{36C999D8-25C6-461A-9E63-045B7E420C16}.Debug|Any CPU.Build.0 = Debug|Any CPU
		{36C999D8-25C6-461A-9E63-045B7E420C16}.Release|Any CPU.ActiveCfg = Release|Any CPU
		{36C999D8-25C6-461A-9E63-045B7E420C16}.Release|Any CPU.Build.0 = Release|Any CPU
		{11E31C38-695F-4991-99DC-4C56C86D1759}.Debug|Any CPU.ActiveCfg = Debug|Any CPU
		{11E31C38-695F-4991-99DC-4C56C86D1759}.Debug|Any CPU.Build.0 = Debug|Any CPU
		{11E31C38-695F-4991-99DC-4C56C86D1759}.Release|Any CPU.ActiveCfg = Release|Any CPU
		{11E31C38-695F-4991-99DC-4C56C86D1759}.Release|Any CPU.Build.0 = Release|Any CPU
		{4AB95E61-5230-432E-8EC3-CF95ED29A5F1}.Debug|Any CPU.ActiveCfg = Debug|Any CPU
		{4AB95E61-5230-432E-8EC3-CF95ED29A5F1}.Debug|Any CPU.Build.0 = Debug|Any CPU
		{4AB95E61-5230-432E-8EC3-CF95ED29A5F1}.Release|Any CPU.ActiveCfg = Release|Any CPU
		{4AB95E61-5230-432E-8EC3-CF95ED29A5F1}.Release|Any CPU.Build.0 = Release|Any CPU
		{260B917B-423F-4355-AB69-EC6EB354CA4E}.Debug|Any CPU.ActiveCfg = Debug|Any CPU
		{260B917B-423F-4355-AB69-EC6EB354CA4E}.Debug|Any CPU.Build.0 = Debug|Any CPU
		{260B917B-423F-4355-AB69-EC6EB354CA4E}.Release|Any CPU.ActiveCfg = Release|Any CPU
		{260B917B-423F-4355-AB69-EC6EB354CA4E}.Release|Any CPU.Build.0 = Release|Any CPU
		{8A16D9D5-5B12-4C1C-9EFE-AFFC77E3F3C6}.Debug|Any CPU.ActiveCfg = Debug|Any CPU
		{8A16D9D5-5B12-4C1C-9EFE-AFFC77E3F3C6}.Debug|Any CPU.Build.0 = Debug|Any CPU
		{8A16D9D5-5B12-4C1C-9EFE-AFFC77E3F3C6}.Release|Any CPU.ActiveCfg = Release|Any CPU
		{8A16D9D5-5B12-4C1C-9EFE-AFFC77E3F3C6}.Release|Any CPU.Build.0 = Release|Any CPU
		{DD217871-50B3-446A-8E46-0B4C7B1FDD0F}.Debug|Any CPU.ActiveCfg = Debug|Any CPU
		{DD217871-50B3-446A-8E46-0B4C7B1FDD0F}.Debug|Any CPU.Build.0 = Debug|Any CPU
		{DD217871-50B3-446A-8E46-0B4C7B1FDD0F}.Release|Any CPU.ActiveCfg = Release|Any CPU
		{DD217871-50B3-446A-8E46-0B4C7B1FDD0F}.Release|Any CPU.Build.0 = Release|Any CPU
		{E78D6B7B-CB39-4AE2-A3F4-9BFC640D1063}.Debug|Any CPU.ActiveCfg = Debug|Any CPU
		{E78D6B7B-CB39-4AE2-A3F4-9BFC640D1063}.Debug|Any CPU.Build.0 = Debug|Any CPU
		{E78D6B7B-CB39-4AE2-A3F4-9BFC640D1063}.Release|Any CPU.ActiveCfg = Release|Any CPU
		{E78D6B7B-CB39-4AE2-A3F4-9BFC640D1063}.Release|Any CPU.Build.0 = Release|Any CPU
		{BE140337-4AC1-4534-AA09-4EC65E1B2EC7}.Debug|Any CPU.ActiveCfg = Debug|Any CPU
		{BE140337-4AC1-4534-AA09-4EC65E1B2EC7}.Debug|Any CPU.Build.0 = Debug|Any CPU
		{BE140337-4AC1-4534-AA09-4EC65E1B2EC7}.Release|Any CPU.ActiveCfg = Release|Any CPU
		{BE140337-4AC1-4534-AA09-4EC65E1B2EC7}.Release|Any CPU.Build.0 = Release|Any CPU
		{945104B9-BD1B-496D-8300-0E42A3C52F60}.Debug|Any CPU.ActiveCfg = Debug|Any CPU
		{945104B9-BD1B-496D-8300-0E42A3C52F60}.Debug|Any CPU.Build.0 = Debug|Any CPU
		{945104B9-BD1B-496D-8300-0E42A3C52F60}.Release|Any CPU.ActiveCfg = Release|Any CPU
		{945104B9-BD1B-496D-8300-0E42A3C52F60}.Release|Any CPU.Build.0 = Release|Any CPU
	EndGlobalSection
	GlobalSection(SolutionProperties) = preSolution
		HideSolutionNode = FALSE
	EndGlobalSection
	GlobalSection(ExtensibilityGlobals) = postSolution
		SolutionGuid = {D3777F20-23A7-417A-BA9F-8EFC623FD080}
	EndGlobalSection
EndGlobal
